
Microsoft Visual Studio Solution File, Format Version 12.00
# Visual Studio Version 17
VisualStudioVersion = 17.6.33723.286
MinimumVisualStudioVersion = 10.0.40219.1
Project("{FAE04EC0-301F-11D3-BF4B-00C04F79EFBC}") = "MVCIntensePracticeDemo", "MVCIntensePracticeDemo.csproj", "{1393163A-DDEC-4EF3-8F82-C35D2A3BB7E2}"
EndProject
Global
	GlobalSection(SolutionConfigurationPlatforms) = preSolution
		Debug|Any CPU = Debug|Any CPU
		Release|Any CPU = Release|Any CPU
	EndGlobalSection
	GlobalSection(ProjectConfigurationPlatforms) = postSolution
		{1393163A-DDEC-4EF3-8F82-C35D2A3BB7E2}.Debug|Any CPU.ActiveCfg = Debug|Any CPU
		{1393163A-DDEC-4EF3-8F82-C35D2A3BB7E2}.Debug|Any CPU.Build.0 = Debug|Any CPU
		{1393163A-DDEC-4EF3-8F82-C35D2A3BB7E2}.Release|Any CPU.ActiveCfg = Release|Any CPU
		{1393163A-DDEC-4EF3-8F82-C35D2A3BB7E2}.Release|Any CPU.Build.0 = Release|Any CPU
	EndGlobalSection
	GlobalSection(SolutionProperties) = preSolution
		HideSolutionNode = FALSE
	EndGlobalSection
	GlobalSection(ExtensibilityGlobals) = postSolution
		SolutionGuid = {FFDD9F4F-6F76-4C14-A089-B82D4A3AF149}
	EndGlobalSection
EndGlobal
